{
  "version": "4",
  "specifiers": {
    "jsr:@std/fs@^1.0.9": "1.0.9",
    "jsr:@std/path@^1.0.8": "1.0.8"
  },
  "jsr": {
    "@std/fs@1.0.9": {
      "integrity": "3eef7e3ed3d317b29432c7dcb3b20122820dbc574263f721cb0248ad91bad890",
      "dependencies": [
        "jsr:@std/path"
      ]
    },
    "@std/path@1.0.8": {
      "integrity": "548fa456bb6a04d3c1a1e7477986b6cffbce95102d0bb447c67c4ee70e0364be"
    }
  },
  "workspace": {
    "dependencies": [
      "jsr:@cliffy/ansi@^1.0.0-rc.5",
      "jsr:@cliffy/command@^1.0.0-rc.5",
      "jsr:@cliffy/prompt@^1.0.0-rc.5",
      "jsr:@cndi/cdktf@~0.1.2",
      "jsr:@polyseam/cliffy-provider-gh-releases@1.0.0-rc.11",
      "jsr:@polyseam/silky@^1.1.2",
      "jsr:@std/assert@0.221",
      "jsr:@std/async@0.221",
      "jsr:@std/cli@0.221",
      "jsr:@std/collections@0.221",
      "jsr:@std/dotenv@0.221",
      "jsr:@std/fs@^1.0.9",
      "jsr:@std/io@0.221",
      "jsr:@std/jsonc@0.221",
      "jsr:@std/path@0.221",
      "jsr:@std/semver@*",
      "jsr:@std/semver@0.221",
      "jsr:@std/streams@0.221",
      "jsr:@std/testing@0.221",
      "jsr:@std/yaml@0.221",
      "npm:@cdktf/provider-aws@^19.25.0",
      "npm:@cdktf/provider-azurerm@^12.23.0",
      "npm:@cdktf/provider-google@^14.13.1",
      "npm:@cdktf/provider-helm@^10.2.0",
      "npm:@cdktf/provider-kubernetes@^11.6.0",
      "npm:@cdktf/provider-local@^10.1.0",
      "npm:@cdktf/provider-random@^11.0.2",
      "npm:@cdktf/provider-time@^10.1.1",
      "npm:@cdktf/provider-tls@10",
      "npm:cdktf@~0.20.8",
      "npm:constructs@10.3.0",
      "npm:crypto-js@4.1.1",
      "npm:lodash.get@4.4.2",
      "npm:lodash.set@4.3.2",
      "npm:lodash.unset@4.5.2",
      "npm:netmask@2.0.2",
      "npm:octokit@^3.1.2",
      "npm:simple-git@3.18.0",
      "npm:validator@13.11.0"
    ]
  }
}
